
Microsoft Visual Studio Solution File, Format Version 12.00
# Visual Studio Version 17
VisualStudioVersion = 17.1.32407.343
MinimumVisualStudioVersion = 10.0.40219.1
Project("{8BC9CEB8-8B4A-11D0-8D11-00A0C91BC942}") = "Inheritance", "Acadamy\Acadamy.vcxproj", "{3AC677B1-EF24-450D-A0B0-C19B7EC0B77A}"
EndProject
Project("{8BC9CEB8-8B4A-11D0-8D11-00A0C91BC942}") = "Files", "Files\Files.vcxproj", "{11A676A0-1BF7-45B3-83CE-5D616C83DC33}"
EndProject
Project("{8BC9CEB8-8B4A-11D0-8D11-00A0C91BC942}") = "Network", "Network\Network.vcxproj", "{E440DCB3-1241-47D2-A1CF-E3ABCE62EC43}"
EndProject
Project("{8BC9CEB8-8B4A-11D0-8D11-00A0C91BC942}") = "shapes", "shapes\shapes.vcxproj", "{9F74FE8A-6A00-4FF6-8D16-8EA0B9311419}"
EndProject
Global
	GlobalSection(SolutionConfigurationPlatforms) = preSolution
		Debug|x64 = Debug|x64
		Debug|x86 = Debug|x86
		Release|x64 = Release|x64
		Release|x86 = Release|x86
	EndGlobalSection
	GlobalSection(ProjectConfigurationPlatforms) = postSolution
		{3AC677B1-EF24-450D-A0B0-C19B7EC0B77A}.Debug|x64.ActiveCfg = Debug|x64
		{3AC677B1-EF24-450D-A0B0-C19B7EC0B77A}.Debug|x64.Build.0 = Debug|x64
		{3AC677B1-EF24-450D-A0B0-C19B7EC0B77A}.Debug|x86.ActiveCfg = Debug|Win32
		{3AC677B1-EF24-450D-A0B0-C19B7EC0B77A}.Debug|x86.Build.0 = Debug|Win32
		{3AC677B1-EF24-450D-A0B0-C19B7EC0B77A}.Release|x64.ActiveCfg = Release|x64
		{3AC677B1-EF24-450D-A0B0-C19B7EC0B77A}.Release|x64.Build.0 = Release|x64
		{3AC677B1-EF24-450D-A0B0-C19B7EC0B77A}.Release|x86.ActiveCfg = Release|Win32
		{3AC677B1-EF24-450D-A0B0-C19B7EC0B77A}.Release|x86.Build.0 = Release|Win32
		{11A676A0-1BF7-45B3-83CE-5D616C83DC33}.Debug|x64.ActiveCfg = Debug|x64
		{11A676A0-1BF7-45B3-83CE-5D616C83DC33}.Debug|x64.Build.0 = Debug|x64
		{11A676A0-1BF7-45B3-83CE-5D616C83DC33}.Debug|x86.ActiveCfg = Debug|Win32
		{11A676A0-1BF7-45B3-83CE-5D616C83DC33}.Debug|x86.Build.0 = Debug|Win32
		{11A676A0-1BF7-45B3-83CE-5D616C83DC33}.Release|x64.ActiveCfg = Release|x64
		{11A676A0-1BF7-45B3-83CE-5D616C83DC33}.Release|x64.Build.0 = Release|x64
		{11A676A0-1BF7-45B3-83CE-5D616C83DC33}.Release|x86.ActiveCfg = Release|Win32
		{11A676A0-1BF7-45B3-83CE-5D616C83DC33}.Release|x86.Build.0 = Release|Win32
		{E440DCB3-1241-47D2-A1CF-E3ABCE62EC43}.Debug|x64.ActiveCfg = Debug|x64
		{E440DCB3-1241-47D2-A1CF-E3ABCE62EC43}.Debug|x64.Build.0 = Debug|x64
		{E440DCB3-1241-47D2-A1CF-E3ABCE62EC43}.Debug|x86.ActiveCfg = Debug|Win32
		{E440DCB3-1241-47D2-A1CF-E3ABCE62EC43}.Debug|x86.Build.0 = Debug|Win32
		{E440DCB3-1241-47D2-A1CF-E3ABCE62EC43}.Release|x64.ActiveCfg = Release|x64
		{E440DCB3-1241-47D2-A1CF-E3ABCE62EC43}.Release|x64.Build.0 = Release|x64
		{E440DCB3-1241-47D2-A1CF-E3ABCE62EC43}.Release|x86.ActiveCfg = Release|Win32
		{E440DCB3-1241-47D2-A1CF-E3ABCE62EC43}.Release|x86.Build.0 = Release|Win32
		{9F74FE8A-6A00-4FF6-8D16-8EA0B9311419}.Debug|x64.ActiveCfg = Debug|x64
		{9F74FE8A-6A00-4FF6-8D16-8EA0B9311419}.Debug|x64.Build.0 = Debug|x64
		{9F74FE8A-6A00-4FF6-8D16-8EA0B9311419}.Debug|x86.ActiveCfg = Debug|Win32
		{9F74FE8A-6A00-4FF6-8D16-8EA0B9311419}.Debug|x86.Build.0 = Debug|Win32
		{9F74FE8A-6A00-4FF6-8D16-8EA0B9311419}.Release|x64.ActiveCfg = Release|x64
		{9F74FE8A-6A00-4FF6-8D16-8EA0B9311419}.Release|x64.Build.0 = Release|x64
		{9F74FE8A-6A00-4FF6-8D16-8EA0B9311419}.Release|x86.ActiveCfg = Release|Win32
		{9F74FE8A-6A00-4FF6-8D16-8EA0B9311419}.Release|x86.Build.0 = Release|Win32
	EndGlobalSection
	GlobalSection(SolutionProperties) = preSolution
		HideSolutionNode = FALSE
	EndGlobalSection
	GlobalSection(ExtensibilityGlobals) = postSolution
		SolutionGuid = {A112D1BB-7472-4BC4-BFB1-D8F0B830D0B0}
	EndGlobalSection
EndGlobal
